// !$*UTF8*$!
{
	archiveVersion = 1;
	classes = {
	};
	objectVersion = 56;
	objects = {

/* Begin PBXBuildFile section */
		DDDE6DC429A46D32003EE4D9 /* AppDelegate.swift in Sources */ = {isa = PBXBuildFile; fileRef = DDDE6DC329A46D32003EE4D9 /* AppDelegate.swift */; };
		DDDE6DC629A46D32003EE4D9 /* SceneDelegate.swift in Sources */ = {isa = PBXBuildFile; fileRef = DDDE6DC529A46D32003EE4D9 /* SceneDelegate.swift */; };
		DDDE6DCB29A46D32003EE4D9 /* Main.storyboard in Resources */ = {isa = PBXBuildFile; fileRef = DDDE6DC929A46D32003EE4D9 /* Main.storyboard */; };
		DDDE6DCD29A46D33003EE4D9 /* Assets.xcassets in Resources */ = {isa = PBXBuildFile; fileRef = DDDE6DCC29A46D33003EE4D9 /* Assets.xcassets */; };
		DDDE6DD029A46D33003EE4D9 /* LaunchScreen.storyboard in Resources */ = {isa = PBXBuildFile; fileRef = DDDE6DCE29A46D33003EE4D9 /* LaunchScreen.storyboard */; };
		DDDE6DD929A4A3D3003EE4D9 /* Alamofire in Frameworks */ = {isa = PBXBuildFile; productRef = DDDE6DD829A4A3D3003EE4D9 /* Alamofire */; };
		DDDE6DDD29A4A56B003EE4D9 /* StoreRequest.swift in Sources */ = {isa = PBXBuildFile; fileRef = DDDE6DDC29A4A56B003EE4D9 /* StoreRequest.swift */; };
		DDDE6DDF29A4A803003EE4D9 /* StoreResponse.swift in Sources */ = {isa = PBXBuildFile; fileRef = DDDE6DDE29A4A803003EE4D9 /* StoreResponse.swift */; };
		DDDE6DE129A4C8A7003EE4D9 /* StoreListViewController.swift in Sources */ = {isa = PBXBuildFile; fileRef = DDDE6DE029A4C8A7003EE4D9 /* StoreListViewController.swift */; };
/* End PBXBuildFile section */

/* Begin PBXFileReference section */
		DDDE6DC029A46D32003EE4D9 /* Week5.app */ = {isa = PBXFileReference; explicitFileType = wrapper.application; includeInIndex = 0; path = Week5.app; sourceTree = BUILT_PRODUCTS_DIR; };
		DDDE6DC329A46D32003EE4D9 /* AppDelegate.swift */ = {isa = PBXFileReference; lastKnownFileType = sourcecode.swift; path = AppDelegate.swift; sourceTree = "<group>"; };
		DDDE6DC529A46D32003EE4D9 /* SceneDelegate.swift */ = {isa = PBXFileReference; lastKnownFileType = sourcecode.swift; path = SceneDelegate.swift; sourceTree = "<group>"; };
		DDDE6DCA29A46D32003EE4D9 /* Base */ = {isa = PBXFileReference; lastKnownFileType = file.storyboard; name = Base; path = Base.lproj/Main.storyboard; sourceTree = "<group>"; };
		DDDE6DCC29A46D33003EE4D9 /* Assets.xcassets */ = {isa = PBXFileReference; lastKnownFileType = folder.assetcatalog; path = Assets.xcassets; sourceTree = "<group>"; };
		DDDE6DCF29A46D33003EE4D9 /* Base */ = {isa = PBXFileReference; lastKnownFileType = file.storyboard; name = Base; path = Base.lproj/LaunchScreen.storyboard; sourceTree = "<group>"; };
		DDDE6DD129A46D33003EE4D9 /* Info.plist */ = {isa = PBXFileReference; lastKnownFileType = text.plist.xml; path = Info.plist; sourceTree = "<group>"; };
		DDDE6DDC29A4A56B003EE4D9 /* StoreRequest.swift */ = {isa = PBXFileReference; lastKnownFileType = sourcecode.swift; path = StoreRequest.swift; sourceTree = "<group>"; };
		DDDE6DDE29A4A803003EE4D9 /* StoreResponse.swift */ = {isa = PBXFileReference; lastKnownFileType = sourcecode.swift; path = StoreResponse.swift; sourceTree = "<group>"; };
		DDDE6DE029A4C8A7003EE4D9 /* StoreListViewController.swift */ = {isa = PBXFileReference; lastKnownFileType = sourcecode.swift; path = StoreListViewController.swift; sourceTree = "<group>"; };
/* End PBXFileReference section */

/* Begin PBXFrameworksBuildPhase section */
		DDDE6DBD29A46D32003EE4D9 /* Frameworks */ = {
			isa = PBXFrameworksBuildPhase;
			buildActionMask = 2147483647;
			files = (
				DDDE6DD929A4A3D3003EE4D9 /* Alamofire in Frameworks */,
			);
			runOnlyForDeploymentPostprocessing = 0;
		};
/* End PBXFrameworksBuildPhase section */

/* Begin PBXGroup section */
		DDDE6DB729A46D32003EE4D9 = {
			isa = PBXGroup;
			children = (
				DDDE6DC229A46D32003EE4D9 /* Week5 */,
				DDDE6DC129A46D32003EE4D9 /* Products */,
			);
			sourceTree = "<group>";
		};
		DDDE6DC129A46D32003EE4D9 /* Products */ = {
			isa = PBXGroup;
			children = (
				DDDE6DC029A46D32003EE4D9 /* Week5.app */,
			);
			name = Products;
			sourceTree = "<group>";
		};
		DDDE6DC229A46D32003EE4D9 /* Week5 */ = {
			isa = PBXGroup;
			children = (
				DDDE6DDA29A4A53F003EE4D9 /* API */,
				DDDE6DC329A46D32003EE4D9 /* AppDelegate.swift */,
				DDDE6DC529A46D32003EE4D9 /* SceneDelegate.swift */,
				DDDE6DE029A4C8A7003EE4D9 /* StoreListViewController.swift */,
				DDDE6DC929A46D32003EE4D9 /* Main.storyboard */,
				DDDE6DCC29A46D33003EE4D9 /* Assets.xcassets */,
				DDDE6DCE29A46D33003EE4D9 /* LaunchScreen.storyboard */,
				DDDE6DD129A46D33003EE4D9 /* Info.plist */,
			);
			path = Week5;
			sourceTree = "<group>";
		};
		DDDE6DDA29A4A53F003EE4D9 /* API */ = {
			isa = PBXGroup;
			children = (
				DDDE6DDB29A4A54D003EE4D9 /* Store */,
			);
			path = API;
			sourceTree = "<group>";
		};
		DDDE6DDB29A4A54D003EE4D9 /* Store */ = {
			isa = PBXGroup;
			children = (
				DDDE6DDC29A4A56B003EE4D9 /* StoreRequest.swift */,
				DDDE6DDE29A4A803003EE4D9 /* StoreResponse.swift */,
			);
			path = Store;
			sourceTree = "<group>";
		};
/* End PBXGroup section */

/* Begin PBXNativeTarget section */
		DDDE6DBF29A46D32003EE4D9 /* Week5 */ = {
			isa = PBXNativeTarget;
			buildConfigurationList = DDDE6DD429A46D33003EE4D9 /* Build configuration list for PBXNativeTarget "Week5" */;
			buildPhases = (
				DDDE6DBC29A46D32003EE4D9 /* Sources */,
				DDDE6DBD29A46D32003EE4D9 /* Frameworks */,
				DDDE6DBE29A46D32003EE4D9 /* Resources */,
			);
			buildRules = (
			);
			dependencies = (
			);
			name = Week5;
			packageProductDependencies = (
				DDDE6DD829A4A3D3003EE4D9 /* Alamofire */,
			);
			productName = Week5;
			productReference = DDDE6DC029A46D32003EE4D9 /* Week5.app */;
			productType = "com.apple.product-type.application";
		};
/* End PBXNativeTarget section */

/* Begin PBXProject section */
		DDDE6DB829A46D32003EE4D9 /* Project object */ = {
			isa = PBXProject;
			attributes = {
				BuildIndependentTargetsInParallel = 1;
				LastSwiftUpdateCheck = 1420;
				LastUpgradeCheck = 1420;
				TargetAttributes = {
					DDDE6DBF29A46D32003EE4D9 = {
						CreatedOnToolsVersion = 14.2;
					};
				};
			};
			buildConfigurationList = DDDE6DBB29A46D32003EE4D9 /* Build configuration list for PBXProject "Week5" */;
			compatibilityVersion = "Xcode 14.0";
			developmentRegion = en;
			hasScannedForEncodings = 0;
			knownRegions = (
				en,
				Base,
			);
			mainGroup = DDDE6DB729A46D32003EE4D9;
			packageReferences = (
				DDDE6DD729A4A3D3003EE4D9 /* XCRemoteSwiftPackageReference "Alamofire" */,
			);
			productRefGroup = DDDE6DC129A46D32003EE4D9 /* Products */;
			projectDirPath = "";
			projectRoot = "";
			targets = (
				DDDE6DBF29A46D32003EE4D9 /* Week5 */,
			);
		};
/* End PBXProject section */

/* Begin PBXResourcesBuildPhase section */
		DDDE6DBE29A46D32003EE4D9 /* Resources */ = {
			isa = PBXResourcesBuildPhase;
			buildActionMask = 2147483647;
			files = (
				DDDE6DD029A46D33003EE4D9 /* LaunchScreen.storyboard in Resources */,
				DDDE6DCD29A46D33003EE4D9 /* Assets.xcassets in Resources */,
				DDDE6DCB29A46D32003EE4D9 /* Main.storyboard in Resources */,
			);
			runOnlyForDeploymentPostprocessing = 0;
		};
/* End PBXResourcesBuildPhase section */

/* Begin PBXSourcesBuildPhase section */
		DDDE6DBC29A46D32003EE4D9 /* Sources */ = {
			isa = PBXSourcesBuildPhase;
			buildActionMask = 2147483647;
			files = (
				DDDE6DDF29A4A803003EE4D9 /* StoreResponse.swift in Sources */,
				DDDE6DE129A4C8A7003EE4D9 /* StoreListViewController.swift in Sources */,
				DDDE6DC429A46D32003EE4D9 /* AppDelegate.swift in Sources */,
				DDDE6DC629A46D32003EE4D9 /* SceneDelegate.swift in Sources */,
				DDDE6DDD29A4A56B003EE4D9 /* StoreRequest.swift in Sources */,
			);
			runOnlyForDeploymentPostprocessing = 0;
		};
/* End PBXSourcesBuildPhase section */

/* Begin PBXVariantGroup section */
		DDDE6DC929A46D32003EE4D9 /* Main.storyboard */ = {
			isa = PBXVariantGroup;
			children = (
				DDDE6DCA29A46D32003EE4D9 /* Base */,
			);
			name = Main.storyboard;
			sourceTree = "<group>";
		};
		DDDE6DCE29A46D33003EE4D9 /* LaunchScreen.storyboard */ = {
			isa = PBXVariantGroup;
			children = (
				DDDE6DCF29A46D33003EE4D9 /* Base */,
			);
			name = LaunchScreen.storyboard;
			sourceTree = "<group>";
		};
/* End PBXVariantGroup section */

/* Begin XCBuildConfiguration section */
		DDDE6DD229A46D33003EE4D9 /* Debug */ = {
			isa = XCBuildConfiguration;
			buildSettings = {
				ALWAYS_SEARCH_USER_PATHS = NO;
				CLANG_ANALYZER_NONNULL = YES;
				CLANG_ANALYZER_NUMBER_OBJECT_CONVERSION = YES_AGGRESSIVE;
				CLANG_CXX_LANGUAGE_STANDARD = "gnu++20";
				CLANG_ENABLE_MODULES = YES;
				CLANG_ENABLE_OBJC_ARC = YES;
				CLANG_ENABLE_OBJC_WEAK = YES;
				CLANG_WARN_BLOCK_CAPTURE_AUTORELEASING = YES;
				CLANG_WARN_BOOL_CONVERSION = YES;
				CLANG_WARN_COMMA = YES;
				CLANG_WARN_CONSTANT_CONVERSION = YES;
				CLANG_WARN_DEPRECATED_OBJC_IMPLEMENTATIONS = YES;
				CLANG_WARN_DIRECT_OBJC_ISA_USAGE = YES_ERROR;
				CLANG_WARN_DOCUMENTATION_COMMENTS = YES;
				CLANG_WARN_EMPTY_BODY = YES;
				CLANG_WARN_ENUM_CONVERSION = YES;
				CLANG_WARN_INFINITE_RECURSION = YES;
				CLANG_WARN_INT_CONVERSION = YES;
				CLANG_WARN_NON_LITERAL_NULL_CONVERSION = YES;
				CLANG_WARN_OBJC_IMPLICIT_RETAIN_SELF = YES;
				CLANG_WARN_OBJC_LITERAL_CONVERSION = YES;
				CLANG_WARN_OBJC_ROOT_CLASS = YES_ERROR;
				CLANG_WARN_QUOTED_INCLUDE_IN_FRAMEWORK_HEADER = YES;
				CLANG_WARN_RANGE_LOOP_ANALYSIS = YES;
				CLANG_WARN_STRICT_PROTOTYPES = YES;
				CLANG_WARN_SUSPICIOUS_MOVE = YES;
				CLANG_WARN_UNGUARDED_AVAILABILITY = YES_AGGRESSIVE;
				CLANG_WARN_UNREACHABLE_CODE = YES;
				CLANG_WARN__DUPLICATE_METHOD_MATCH = YES;
				COPY_PHASE_STRIP = NO;
				DEBUG_INFORMATION_FORMAT = dwarf;
				ENABLE_STRICT_OBJC_MSGSEND = YES;
				ENABLE_TESTABILITY = YES;
				GCC_C_LANGUAGE_STANDARD = gnu11;
				GCC_DYNAMIC_NO_PIC = NO;
				GCC_NO_COMMON_BLOCKS = YES;
				GCC_OPTIMIZATION_LEVEL = 0;
				GCC_PREPROCESSOR_DEFINITIONS = (
					"DEBUG=1",
					"$(inherited)",
				);
				GCC_WARN_64_TO_32_BIT_CONVERSION = YES;
				GCC_WARN_ABOUT_RETURN_TYPE = YES_ERROR;
				GCC_WARN_UNDECLARED_SELECTOR = YES;
				GCC_WARN_UNINITIALIZED_AUTOS = YES_AGGRESSIVE;
				GCC_WARN_UNUSED_FUNCTION = YES;
				GCC_WARN_UNUSED_VARIABLE = YES;
				IPHONEOS_DEPLOYMENT_TARGET = 16.2;
				MTL_ENABLE_DEBUG_INFO = INCLUDE_SOURCE;
				MTL_FAST_MATH = YES;
				ONLY_ACTIVE_ARCH = YES;
				SDKROOT = iphoneos;
				SWIFT_ACTIVE_COMPILATION_CONDITIONS = DEBUG;
				SWIFT_OPTIMIZATION_LEVEL = "-Onone";
			};
			name = Debug;
		};
		DDDE6DD329A46D33003EE4D9 /* Release */ = {
			isa = XCBuildConfiguration;
			buildSettings = {
				ALWAYS_SEARCH_USER_PATHS = NO;
				CLANG_ANALYZER_NONNULL = YES;
				CLANG_ANALYZER_NUMBER_OBJECT_CONVERSION = YES_AGGRESSIVE;
				CLANG_CXX_LANGUAGE_STANDARD = "gnu++20";
				CLANG_ENABLE_MODULES = YES;
				CLANG_ENABLE_OBJC_ARC = YES;
				CLANG_ENABLE_OBJC_WEAK = YES;
				CLANG_WARN_BLOCK_CAPTURE_AUTORELEASING = YES;
				CLANG_WARN_BOOL_CONVERSION = YES;
				CLANG_WARN_COMMA = YES;
				CLANG_WARN_CONSTANT_CONVERSION = YES;
				CLANG_WARN_DEPRECATED_OBJC_IMPLEMENTATIONS = YES;
				CLANG_WARN_DIRECT_OBJC_ISA_USAGE = YES_ERROR;
				CLANG_WARN_DOCUMENTATION_COMMENTS = YES;
				CLANG_WARN_EMPTY_BODY = YES;
				CLANG_WARN_ENUM_CONVERSION = YES;
				CLANG_WARN_INFINITE_RECURSION = YES;
				CLANG_WARN_INT_CONVERSION = YES;
				CLANG_WARN_NON_LITERAL_NULL_CONVERSION = YES;
				CLANG_WARN_OBJC_IMPLICIT_RETAIN_SELF = YES;
				CLANG_WARN_OBJC_LITERAL_CONVERSION = YES;
				CLANG_WARN_OBJC_ROOT_CLASS = YES_ERROR;
				CLANG_WARN_QUOTED_INCLUDE_IN_FRAMEWORK_HEADER = YES;
				CLANG_WARN_RANGE_LOOP_ANALYSIS = YES;
				CLANG_WARN_STRICT_PROTOTYPES = YES;
				CLANG_WARN_SUSPICIOUS_MOVE = YES;
				CLANG_WARN_UNGUARDED_AVAILABILITY = YES_AGGRESSIVE;
				CLANG_WARN_UNREACHABLE_CODE = YES;
				CLANG_WARN__DUPLICATE_METHOD_MATCH = YES;
				COPY_PHASE_STRIP = NO;
				DEBUG_INFORMATION_FORMAT = "dwarf-with-dsym";
				ENABLE_NS_ASSERTIONS = NO;
				ENABLE_STRICT_OBJC_MSGSEND = YES;
				GCC_C_LANGUAGE_STANDARD = gnu11;
				GCC_NO_COMMON_BLOCKS = YES;
				GCC_WARN_64_TO_32_BIT_CONVERSION = YES;
				GCC_WARN_ABOUT_RETURN_TYPE = YES_ERROR;
				GCC_WARN_UNDECLARED_SELECTOR = YES;
				GCC_WARN_UNINITIALIZED_AUTOS = YES_AGGRESSIVE;
				GCC_WARN_UNUSED_FUNCTION = YES;
				GCC_WARN_UNUSED_VARIABLE = YES;
				IPHONEOS_DEPLOYMENT_TARGET = 16.2;
				MTL_ENABLE_DEBUG_INFO = NO;
				MTL_FAST_MATH = YES;
				SDKROOT = iphoneos;
				SWIFT_COMPILATION_MODE = wholemodule;
				SWIFT_OPTIMIZATION_LEVEL = "-O";
				VALIDATE_PRODUCT = YES;
			};
			name = Release;
		};
		DDDE6DD529A46D33003EE4D9 /* Debug */ = {
			isa = XCBuildConfiguration;
			buildSettings = {
				ASSETCATALOG_COMPILER_APPICON_NAME = AppIcon;
				ASSETCATALOG_COMPILER_GLOBAL_ACCENT_COLOR_NAME = AccentColor;
				CODE_SIGN_STYLE = Automatic;
				CURRENT_PROJECT_VERSION = 1;
				DEVELOPMENT_TEAM = J83X8YAG93;
				GENERATE_INFOPLIST_FILE = YES;
				INFOPLIST_FILE = Week5/Info.plist;
				INFOPLIST_KEY_UIApplicationSupportsIndirectInputEvents = YES;
				INFOPLIST_KEY_UILaunchStoryboardName = LaunchScreen;
				INFOPLIST_KEY_UIMainStoryboardFile = Main;
				INFOPLIST_KEY_UISupportedInterfaceOrientations_iPad = "UIInterfaceOrientationPortrait UIInterfaceOrientationPortraitUpsideDown UIInterfaceOrientationLandscapeLeft UIInterfaceOrientationLandscapeRight";
				INFOPLIST_KEY_UISupportedInterfaceOrientations_iPhone = "UIInterfaceOrientationPortrait UIInterfaceOrientationLandscapeLeft UIInterfaceOrientationLandscapeRight";
				LD_RUNPATH_SEARCH_PATHS = (
					"$(inherited)",
					"@executable_path/Frameworks",
				);
				MARKETING_VERSION = 1.0;
				PRODUCT_BUNDLE_IDENTIFIER = IksangYoo.Week5;
				PRODUCT_NAME = "$(TARGET_NAME)";
				SWIFT_EMIT_LOC_STRINGS = YES;
				SWIFT_VERSION = 5.0;
				TARGETED_DEVICE_FAMILY = "1,2";
			};
			name = Debug;
		};
		DDDE6DD629A46D33003EE4D9 /* Release */ = {
			isa = XCBuildConfiguration;
			buildSettings = {
				ASSETCATALOG_COMPILER_APPICON_NAME = AppIcon;
				ASSETCATALOG_COMPILER_GLOBAL_ACCENT_COLOR_NAME = AccentColor;
				CODE_SIGN_STYLE = Automatic;
				CURRENT_PROJECT_VERSION = 1;
				DEVELOPMENT_TEAM = J83X8YAG93;
				GENERATE_INFOPLIST_FILE = YES;
				INFOPLIST_FILE = Week5/Info.plist;
				INFOPLIST_KEY_UIApplicationSupportsIndirectInputEvents = YES;
				INFOPLIST_KEY_UILaunchStoryboardName = LaunchScreen;
				INFOPLIST_KEY_UIMainStoryboardFile = Main;
				INFOPLIST_KEY_UISupportedInterfaceOrientations_iPad = "UIInterfaceOrientationPortrait UIInterfaceOrientationPortraitUpsideDown UIInterfaceOrientationLandscapeLeft UIInterfaceOrientationLandscapeRight";
				INFOPLIST_KEY_UISupportedInterfaceOrientations_iPhone = "UIInterfaceOrientationPortrait UIInterfaceOrientationLandscapeLeft UIInterfaceOrientationLandscapeRight";
				LD_RUNPATH_SEARCH_PATHS = (
					"$(inherited)",
					"@executable_path/Frameworks",
				);
				MARKETING_VERSION = 1.0;
				PRODUCT_BUNDLE_IDENTIFIER = IksangYoo.Week5;
				PRODUCT_NAME = "$(TARGET_NAME)";
				SWIFT_EMIT_LOC_STRINGS = YES;
				SWIFT_VERSION = 5.0;
				TARGETED_DEVICE_FAMILY = "1,2";
			};
			name = Release;
		};
/* End XCBuildConfiguration section */

/* Begin XCConfigurationList section */
		DDDE6DBB29A46D32003EE4D9 /* Build configuration list for PBXProject "Week5" */ = {
			isa = XCConfigurationList;
			buildConfigurations = (
				DDDE6DD229A46D33003EE4D9 /* Debug */,
				DDDE6DD329A46D33003EE4D9 /* Release */,
			);
			defaultConfigurationIsVisible = 0;
			defaultConfigurationName = Release;
		};
		DDDE6DD429A46D33003EE4D9 /* Build configuration list for PBXNativeTarget "Week5" */ = {
			isa = XCConfigurationList;
			buildConfigurations = (
				DDDE6DD529A46D33003EE4D9 /* Debug */,
				DDDE6DD629A46D33003EE4D9 /* Release */,
			);
			defaultConfigurationIsVisible = 0;
			defaultConfigurationName = Release;
		};
/* End XCConfigurationList section */

/* Begin XCRemoteSwiftPackageReference section */
		DDDE6DD729A4A3D3003EE4D9 /* XCRemoteSwiftPackageReference "Alamofire" */ = {
			isa = XCRemoteSwiftPackageReference;
			repositoryURL = "https://github.com/Alamofire/Alamofire";
			requirement = {
				kind = upToNextMajorVersion;
				minimumVersion = 5.6.1;
			};
		};
/* End XCRemoteSwiftPackageReference section */

/* Begin XCSwiftPackageProductDependency section */
		DDDE6DD829A4A3D3003EE4D9 /* Alamofire */ = {
			isa = XCSwiftPackageProductDependency;
			package = DDDE6DD729A4A3D3003EE4D9 /* XCRemoteSwiftPackageReference "Alamofire" */;
			productName = Alamofire;
		};
/* End XCSwiftPackageProductDependency section */
	};
	rootObject = DDDE6DB829A46D32003EE4D9 /* Project object */;
}
